Microsoft Visual Studio Solution File, Format Version 12.00
# Visual Studio 2013
Project("{8BC9CEB8-8B4A-11D0-8D11-00A0C91BC942}") = "ALL_BUILD", "ALL_BUILD.vcxproj", "{EC227733-47D7-3216-BD02-96450A17C0A3}"
	ProjectSection(ProjectDependencies) = postProject
		{D1EF75CF-547F-34F8-8890-9007D7B80010} = {D1EF75CF-547F-34F8-8890-9007D7B80010}
		{D3308BEB-21E2-32CD-85E6-CA696777EF4D} = {D3308BEB-21E2-32CD-85E6-CA696777EF4D}
	EndProjectSection
EndProject
Project("{8BC9CEB8-8B4A-11D0-8D11-00A0C91BC942}") = "INSTALL", "INSTALL.vcxproj", "{B5CD420C-56DC-33F3-B860-EE873F4FCB2B}"
	ProjectSection(ProjectDependencies) = postProject
		{EC227733-47D7-3216-BD02-96450A17C0A3} = {EC227733-47D7-3216-BD02-96450A17C0A3}
		{D1EF75CF-547F-34F8-8890-9007D7B80010} = {D1EF75CF-547F-34F8-8890-9007D7B80010}
	EndProjectSection
EndProject
Project("{8BC9CEB8-8B4A-11D0-8D11-00A0C91BC942}") = "ZERO_CHECK", "..\\ZERO_CHECK.vcxproj", "{D1EF75CF-547F-34F8-8890-9007D7B80010}"
	ProjectSection(ProjectDependencies) = postProject
	EndProjectSection
EndProject
Project("{8BC9CEB8-8B4A-11D0-8D11-00A0C91BC942}") = "dlib", "dlib.vcxproj", "{D3308BEB-21E2-32CD-85E6-CA696777EF4D}"
	ProjectSection(ProjectDependencies) = postProject
		{D1EF75CF-547F-34F8-8890-9007D7B80010} = {D1EF75CF-547F-34F8-8890-9007D7B80010}
	EndProjectSection
EndProject
Global
	GlobalSection(SolutionConfigurationPlatforms) = preSolution
		Debug|x64 = Debug|x64
		Release|x64 = Release|x64
		MinSizeRel|x64 = MinSizeRel|x64
		RelWithDebInfo|x64 = RelWithDebInfo|x64
	EndGlobalSection
	GlobalSection(ProjectConfigurationPlatforms) = postSolution
		{EC227733-47D7-3216-BD02-96450A17C0A3}.Debug|x64.ActiveCfg = Debug|x64
		{EC227733-47D7-3216-BD02-96450A17C0A3}.Debug|x64.Build.0 = Debug|x64
		{EC227733-47D7-3216-BD02-96450A17C0A3}.Release|x64.ActiveCfg = Release|x64
		{EC227733-47D7-3216-BD02-96450A17C0A3}.Release|x64.Build.0 = Release|x64
		{EC227733-47D7-3216-BD02-96450A17C0A3}.MinSizeRel|x64.ActiveCfg = MinSizeRel|x64
		{EC227733-47D7-3216-BD02-96450A17C0A3}.MinSizeRel|x64.Build.0 = MinSizeRel|x64
		{EC227733-47D7-3216-BD02-96450A17C0A3}.RelWithDebInfo|x64.ActiveCfg = RelWithDebInfo|x64
		{EC227733-47D7-3216-BD02-96450A17C0A3}.RelWithDebInfo|x64.Build.0 = RelWithDebInfo|x64
		{B5CD420C-56DC-33F3-B860-EE873F4FCB2B}.Debug|x64.ActiveCfg = Debug|x64
		{B5CD420C-56DC-33F3-B860-EE873F4FCB2B}.Release|x64.ActiveCfg = Release|x64
		{B5CD420C-56DC-33F3-B860-EE873F4FCB2B}.MinSizeRel|x64.ActiveCfg = MinSizeRel|x64
		{B5CD420C-56DC-33F3-B860-EE873F4FCB2B}.RelWithDebInfo|x64.ActiveCfg = RelWithDebInfo|x64
		{D1EF75CF-547F-34F8-8890-9007D7B80010}.Debug|x64.ActiveCfg = Debug|x64
		{D1EF75CF-547F-34F8-8890-9007D7B80010}.Debug|x64.Build.0 = Debug|x64
		{D1EF75CF-547F-34F8-8890-9007D7B80010}.Release|x64.ActiveCfg = Release|x64
		{D1EF75CF-547F-34F8-8890-9007D7B80010}.Release|x64.Build.0 = Release|x64
		{D1EF75CF-547F-34F8-8890-9007D7B80010}.MinSizeRel|x64.ActiveCfg = MinSizeRel|x64
		{D1EF75CF-547F-34F8-8890-9007D7B80010}.MinSizeRel|x64.Build.0 = MinSizeRel|x64
		{D1EF75CF-547F-34F8-8890-9007D7B80010}.RelWithDebInfo|x64.ActiveCfg = RelWithDebInfo|x64
		{D1EF75CF-547F-34F8-8890-9007D7B80010}.RelWithDebInfo|x64.Build.0 = RelWithDebInfo|x64
		{D3308BEB-21E2-32CD-85E6-CA696777EF4D}.Debug|x64.ActiveCfg = Debug|x64
		{D3308BEB-21E2-32CD-85E6-CA696777EF4D}.Debug|x64.Build.0 = Debug|x64
		{D3308BEB-21E2-32CD-85E6-CA696777EF4D}.Release|x64.ActiveCfg = Release|x64
		{D3308BEB-21E2-32CD-85E6-CA696777EF4D}.Release|x64.Build.0 = Release|x64
		{D3308BEB-21E2-32CD-85E6-CA696777EF4D}.MinSizeRel|x64.ActiveCfg = MinSizeRel|x64
		{D3308BEB-21E2-32CD-85E6-CA696777EF4D}.MinSizeRel|x64.Build.0 = MinSizeRel|x64
		{D3308BEB-21E2-32CD-85E6-CA696777EF4D}.RelWithDebInfo|x64.ActiveCfg = RelWithDebInfo|x64
		{D3308BEB-21E2-32CD-85E6-CA696777EF4D}.RelWithDebInfo|x64.Build.0 = RelWithDebInfo|x64
	EndGlobalSection
	GlobalSection(ExtensibilityGlobals) = postSolution
	EndGlobalSection
	GlobalSection(ExtensibilityAddIns) = postSolution
	EndGlobalSection
EndGlobal
